
Microsoft Visual Studio Solution File, Format Version 12.00
# Visual Studio Version 17
VisualStudioVersion = 17.0.31919.166
MinimumVisualStudioVersion = 10.0.40219.1
Project("{FAE04EC0-301F-11D3-BF4B-00C04F79EFBC}") = "SampleUntiTestingApp", "SampleUntiTestingApp\SampleUntiTestingApp.csproj", "{DE218941-3A59-4CE0-81F9-1AE1F4096D3D}"
EndProject
Project("{FAE04EC0-301F-11D3-BF4B-00C04F79EFBC}") = "CreditCards.Test", "CreditCards.Test\CreditCards.Test.csproj", "{8DE6371C-E7E5-420E-A431-BB0019E26BBC}"
EndProject
Global
	GlobalSection(SolutionConfigurationPlatforms) = preSolution
		Debug|Any CPU = Debug|Any CPU
		Release|Any CPU = Release|Any CPU
	EndGlobalSection
	GlobalSection(ProjectConfigurationPlatforms) = postSolution
		{DE218941-3A59-4CE0-81F9-1AE1F4096D3D}.Debug|Any CPU.ActiveCfg = Debug|Any CPU
		{DE218941-3A59-4CE0-81F9-1AE1F4096D3D}.Debug|Any CPU.Build.0 = Debug|Any CPU
		{DE218941-3A59-4CE0-81F9-1AE1F4096D3D}.Release|Any CPU.ActiveCfg = Release|Any CPU
		{DE218941-3A59-4CE0-81F9-1AE1F4096D3D}.Release|Any CPU.Build.0 = Release|Any CPU
		{8DE6371C-E7E5-420E-A431-BB0019E26BBC}.Debug|Any CPU.ActiveCfg = Debug|Any CPU
		{8DE6371C-E7E5-420E-A431-BB0019E26BBC}.Debug|Any CPU.Build.0 = Debug|Any CPU
		{8DE6371C-E7E5-420E-A431-BB0019E26BBC}.Release|Any CPU.ActiveCfg = Release|Any CPU
		{8DE6371C-E7E5-420E-A431-BB0019E26BBC}.Release|Any CPU.Build.0 = Release|Any CPU
	EndGlobalSection
	GlobalSection(SolutionProperties) = preSolution
		HideSolutionNode = FALSE
	EndGlobalSection
	GlobalSection(ExtensibilityGlobals) = postSolution
		SolutionGuid = {FF16FFBB-A64E-4081-B8A6-B76E0846A1CE}
	EndGlobalSection
EndGlobal
